
Microsoft Visual Studio Solution File, Format Version 12.00
# Visual Studio Version 17
VisualStudioVersion = 17.3.32922.545
MinimumVisualStudioVersion = 10.0.40219.1
Project("{FAE04EC0-301F-11D3-BF4B-00C04F79EFBC}") = "MISPISIT_lab_3_4", "MISPISIT_lab_3_4\MISPISIT_lab_3_4.csproj", "{DAB33656-1C32-4A40-82DF-0FD78834531C}"
EndProject
Global
	GlobalSection(SolutionConfigurationPlatforms) = preSolution
		Debug|Any CPU = Debug|Any CPU
		Release|Any CPU = Release|Any CPU
	EndGlobalSection
	GlobalSection(ProjectConfigurationPlatforms) = postSolution
		{DAB33656-1C32-4A40-82DF-0FD78834531C}.Debug|Any CPU.ActiveCfg = Debug|Any CPU
		{DAB33656-1C32-4A40-82DF-0FD78834531C}.Debug|Any CPU.Build.0 = Debug|Any CPU
		{DAB33656-1C32-4A40-82DF-0FD78834531C}.Release|Any CPU.ActiveCfg = Release|Any CPU
		{DAB33656-1C32-4A40-82DF-0FD78834531C}.Release|Any CPU.Build.0 = Release|Any CPU
	EndGlobalSection
	GlobalSection(SolutionProperties) = preSolution
		HideSolutionNode = FALSE
	EndGlobalSection
	GlobalSection(ExtensibilityGlobals) = postSolution
		SolutionGuid = {D29E6183-4D92-4479-9B02-C2C107CFCB2D}
	EndGlobalSection
EndGlobal
